
Microsoft Visual Studio Solution File, Format Version 12.00
# Visual Studio Version 17
VisualStudioVersion = 17.13.35825.156
MinimumVisualStudioVersion = 10.0.40219.1
Project("{FAE04EC0-301F-11D3-BF4B-00C04F79EFBC}") = "infrastructure-management-app", "infrastructure-management-app\infrastructure-management-app.csproj", "{44299CBB-0FC3-4F88-9563-D09C11BAA102}"
EndProject
Project("{FAE04EC0-301F-11D3-BF4B-00C04F79EFBC}") = "Domain", "Domain\Domain.csproj", "{78C11492-AF18-4E6F-A8A8-54EB51F83A1F}"
EndProject
Global
	GlobalSection(SolutionConfigurationPlatforms) = preSolution
		Debug|Any CPU = Debug|Any CPU
		Release|Any CPU = Release|Any CPU
	EndGlobalSection
	GlobalSection(ProjectConfigurationPlatforms) = postSolution
		{44299CBB-0FC3-4F88-9563-D09C11BAA102}.Debug|Any CPU.ActiveCfg = Debug|Any CPU
		{44299CBB-0FC3-4F88-9563-D09C11BAA102}.Debug|Any CPU.Build.0 = Debug|Any CPU
		{44299CBB-0FC3-4F88-9563-D09C11BAA102}.Release|Any CPU.ActiveCfg = Release|Any CPU
		{44299CBB-0FC3-4F88-9563-D09C11BAA102}.Release|Any CPU.Build.0 = Release|Any CPU
		{78C11492-AF18-4E6F-A8A8-54EB51F83A1F}.Debug|Any CPU.ActiveCfg = Debug|Any CPU
		{78C11492-AF18-4E6F-A8A8-54EB51F83A1F}.Debug|Any CPU.Build.0 = Debug|Any CPU
		{78C11492-AF18-4E6F-A8A8-54EB51F83A1F}.Release|Any CPU.ActiveCfg = Release|Any CPU
		{78C11492-AF18-4E6F-A8A8-54EB51F83A1F}.Release|Any CPU.Build.0 = Release|Any CPU
	EndGlobalSection
	GlobalSection(SolutionProperties) = preSolution
		HideSolutionNode = FALSE
	EndGlobalSection
	GlobalSection(ExtensibilityGlobals) = postSolution
		SolutionGuid = {02A54224-985B-4805-9A9E-97FFBCA212AE}
	EndGlobalSection
EndGlobal
